// !$*UTF8*$!
{
	archiveVersion = 1;
	classes = {
	};
	objectVersion = 50;
	objects = {

/* Begin PBXBuildFile section */
		3C4F333025A95E3500CA7C58 /* MemoListVC.swift in Sources */ = {isa = PBXBuildFile; fileRef = 3C4F332F25A95E3500CA7C58 /* MemoListVC.swift */; };
		3C4F333225A95E4B00CA7C58 /* MemoFormVC.swift in Sources */ = {isa = PBXBuildFile; fileRef = 3C4F333125A95E4B00CA7C58 /* MemoFormVC.swift */; };
		3C4F333425A95E5A00CA7C58 /* MemoReadVC.swift in Sources */ = {isa = PBXBuildFile; fileRef = 3C4F333325A95E5A00CA7C58 /* MemoReadVC.swift */; };
		3C4F333625A95E9F00CA7C58 /* MemoCell.swift in Sources */ = {isa = PBXBuildFile; fileRef = 3C4F333525A95E9F00CA7C58 /* MemoCell.swift */; };
		3C4F333825A95ED600CA7C58 /* MemoData.swift in Sources */ = {isa = PBXBuildFile; fileRef = 3C4F333725A95ED600CA7C58 /* MemoData.swift */; };
		3C682F6A26649F9100178548 /* icon03.png in Resources */ = {isa = PBXBuildFile; fileRef = 3C682F5E26649F9000178548 /* icon03.png */; };
		3C682F6B26649F9100178548 /* sidemenu.png in Resources */ = {isa = PBXBuildFile; fileRef = 3C682F5F26649F9000178548 /* sidemenu.png */; };
		3C682F6C26649F9100178548 /* memo-background@2x.png in Resources */ = {isa = PBXBuildFile; fileRef = 3C682F6026649F9000178548 /* memo-background@2x.png */; };
		3C682F6D26649F9100178548 /* icon05.png in Resources */ = {isa = PBXBuildFile; fileRef = 3C682F6126649F9000178548 /* icon05.png */; };
		3C682F6E26649F9100178548 /* button-bg.png in Resources */ = {isa = PBXBuildFile; fileRef = 3C682F6226649F9000178548 /* button-bg.png */; };
		3C682F6F26649F9100178548 /* warning-icon-60@2x.png in Resources */ = {isa = PBXBuildFile; fileRef = 3C682F6326649F9000178548 /* warning-icon-60@2x.png */; };
		3C682F7026649F9100178548 /* icon06.png in Resources */ = {isa = PBXBuildFile; fileRef = 3C682F6426649F9000178548 /* icon06.png */; };
		3C682F7126649F9100178548 /* icon04.png in Resources */ = {isa = PBXBuildFile; fileRef = 3C682F6526649F9000178548 /* icon04.png */; };
		3C682F7226649F9100178548 /* icon01.png in Resources */ = {isa = PBXBuildFile; fileRef = 3C682F6626649F9000178548 /* icon01.png */; };
		3C682F7326649F9100178548 /* profile-bg.png in Resources */ = {isa = PBXBuildFile; fileRef = 3C682F6726649F9000178548 /* profile-bg.png */; };
		3C682F7426649F9100178548 /* account@2x.jpg in Resources */ = {isa = PBXBuildFile; fileRef = 3C682F6826649F9000178548 /* account@2x.jpg */; };
		3C682F7526649F9100178548 /* icon02.png in Resources */ = {isa = PBXBuildFile; fileRef = 3C682F6926649F9100178548 /* icon02.png */; };
		3C682F782664A26F00178548 /* SWRevealViewController.m in Sources */ = {isa = PBXBuildFile; fileRef = 3C682F762664A26F00178548 /* SWRevealViewController.m */; };
		3C682F7B2664A63100178548 /* SideBarVC.swift in Sources */ = {isa = PBXBuildFile; fileRef = 3C682F7A2664A63100178548 /* SideBarVC.swift */; };
		3C72EDC325A841380011AC51 /* AppDelegate.swift in Sources */ = {isa = PBXBuildFile; fileRef = 3C72EDC225A841380011AC51 /* AppDelegate.swift */; };
		3C72EDC525A841380011AC51 /* SceneDelegate.swift in Sources */ = {isa = PBXBuildFile; fileRef = 3C72EDC425A841380011AC51 /* SceneDelegate.swift */; };
		3C72EDCA25A841380011AC51 /* Main.storyboard in Resources */ = {isa = PBXBuildFile; fileRef = 3C72EDC825A841380011AC51 /* Main.storyboard */; };
		3C72EDCD25A841380011AC51 /* MyMemo.xcdatamodeld in Sources */ = {isa = PBXBuildFile; fileRef = 3C72EDCB25A841380011AC51 /* MyMemo.xcdatamodeld */; };
		3C72EDCF25A841390011AC51 /* Assets.xcassets in Resources */ = {isa = PBXBuildFile; fileRef = 3C72EDCE25A841390011AC51 /* Assets.xcassets */; };
		3C72EDD225A841390011AC51 /* LaunchScreen.storyboard in Resources */ = {isa = PBXBuildFile; fileRef = 3C72EDD025A841390011AC51 /* LaunchScreen.storyboard */; };
		3C823C1025D10EAC008502C6 /* CSLogButton.swift in Sources */ = {isa = PBXBuildFile; fileRef = 3C823C0F25D10EAC008502C6 /* CSLogButton.swift */; };
/* End PBXBuildFile section */

/* Begin PBXFileReference section */
		3C4F332F25A95E3500CA7C58 /* MemoListVC.swift */ = {isa = PBXFileReference; lastKnownFileType = sourcecode.swift; path = MemoListVC.swift; sourceTree = "<group>"; };
		3C4F333125A95E4B00CA7C58 /* MemoFormVC.swift */ = {isa = PBXFileReference; lastKnownFileType = sourcecode.swift; path = MemoFormVC.swift; sourceTree = "<group>"; };
		3C4F333325A95E5A00CA7C58 /* MemoReadVC.swift */ = {isa = PBXFileReference; lastKnownFileType = sourcecode.swift; path = MemoReadVC.swift; sourceTree = "<group>"; };
		3C4F333525A95E9F00CA7C58 /* MemoCell.swift */ = {isa = PBXFileReference; lastKnownFileType = sourcecode.swift; path = MemoCell.swift; sourceTree = "<group>"; };
		3C4F333725A95ED600CA7C58 /* MemoData.swift */ = {isa = PBXFileReference; lastKnownFileType = sourcecode.swift; path = MemoData.swift; sourceTree = "<group>"; };
		3C682F5E26649F9000178548 /* icon03.png */ = {isa = PBXFileReference; lastKnownFileType = image.png; path = icon03.png; sourceTree = "<group>"; };
		3C682F5F26649F9000178548 /* sidemenu.png */ = {isa = PBXFileReference; lastKnownFileType = image.png; path = sidemenu.png; sourceTree = "<group>"; };
		3C682F6026649F9000178548 /* memo-background@2x.png */ = {isa = PBXFileReference; lastKnownFileType = image.png; path = "memo-background@2x.png"; sourceTree = "<group>"; };
		3C682F6126649F9000178548 /* icon05.png */ = {isa = PBXFileReference; lastKnownFileType = image.png; path = icon05.png; sourceTree = "<group>"; };
		3C682F6226649F9000178548 /* button-bg.png */ = {isa = PBXFileReference; lastKnownFileType = image.png; path = "button-bg.png"; sourceTree = "<group>"; };
		3C682F6326649F9000178548 /* warning-icon-60@2x.png */ = {isa = PBXFileReference; lastKnownFileType = image.png; path = "warning-icon-60@2x.png"; sourceTree = "<group>"; };
		3C682F6426649F9000178548 /* icon06.png */ = {isa = PBXFileReference; lastKnownFileType = image.png; path = icon06.png; sourceTree = "<group>"; };
		3C682F6526649F9000178548 /* icon04.png */ = {isa = PBXFileReference; lastKnownFileType = image.png; path = icon04.png; sourceTree = "<group>"; };
		3C682F6626649F9000178548 /* icon01.png */ = {isa = PBXFileReference; lastKnownFileType = image.png; path = icon01.png; sourceTree = "<group>"; };
		3C682F6726649F9000178548 /* profile-bg.png */ = {isa = PBXFileReference; lastKnownFileType = image.png; path = "profile-bg.png"; sourceTree = "<group>"; };
		3C682F6826649F9000178548 /* account@2x.jpg */ = {isa = PBXFileReference; lastKnownFileType = image.jpeg; path = "account@2x.jpg"; sourceTree = "<group>"; };
		3C682F6926649F9100178548 /* icon02.png */ = {isa = PBXFileReference; lastKnownFileType = image.png; path = icon02.png; sourceTree = "<group>"; };
		3C682F762664A26F00178548 /* SWRevealViewController.m */ = {isa = PBXFileReference; fileEncoding = 4; lastKnownFileType = sourcecode.c.objc; path = SWRevealViewController.m; sourceTree = "<group>"; };
		3C682F772664A26F00178548 /* SWRevealViewController.h */ = {isa = PBXFileReference; fileEncoding = 4; lastKnownFileType = sourcecode.c.h; path = SWRevealViewController.h; sourceTree = "<group>"; };
		3C682F792664A2A300178548 /* MyMemo-Bridging-Header.h */ = {isa = PBXFileReference; lastKnownFileType = sourcecode.c.h; path = "MyMemo-Bridging-Header.h"; sourceTree = "<group>"; };
		3C682F7A2664A63100178548 /* SideBarVC.swift */ = {isa = PBXFileReference; lastKnownFileType = sourcecode.swift; path = SideBarVC.swift; sourceTree = "<group>"; };
		3C72EDBF25A841380011AC51 /* MyMemo.app */ = {isa = PBXFileReference; explicitFileType = wrapper.application; includeInIndex = 0; path = MyMemo.app; sourceTree = BUILT_PRODUCTS_DIR; };
		3C72EDC225A841380011AC51 /* AppDelegate.swift */ = {isa = PBXFileReference; lastKnownFileType = sourcecode.swift; path = AppDelegate.swift; sourceTree = "<group>"; };
		3C72EDC425A841380011AC51 /* SceneDelegate.swift */ = {isa = PBXFileReference; lastKnownFileType = sourcecode.swift; path = SceneDelegate.swift; sourceTree = "<group>"; };
		3C72EDC925A841380011AC51 /* Base */ = {isa = PBXFileReference; lastKnownFileType = file.storyboard; name = Base; path = Base.lproj/Main.storyboard; sourceTree = "<group>"; };
		3C72EDCC25A841380011AC51 /* MyMemo.xcdatamodel */ = {isa = PBXFileReference; lastKnownFileType = wrapper.xcdatamodel; path = MyMemo.xcdatamodel; sourceTree = "<group>"; };
		3C72EDCE25A841390011AC51 /* Assets.xcassets */ = {isa = PBXFileReference; lastKnownFileType = folder.assetcatalog; path = Assets.xcassets; sourceTree = "<group>"; };
		3C72EDD125A841390011AC51 /* Base */ = {isa = PBXFileReference; lastKnownFileType = file.storyboard; name = Base; path = Base.lproj/LaunchScreen.storyboard; sourceTree = "<group>"; };
		3C72EDD325A841390011AC51 /* Info.plist */ = {isa = PBXFileReference; lastKnownFileType = text.plist.xml; path = Info.plist; sourceTree = "<group>"; };
		3C823C0F25D10EAC008502C6 /* CSLogButton.swift */ = {isa = PBXFileReference; lastKnownFileType = sourcecode.swift; path = CSLogButton.swift; sourceTree = "<group>"; };
/* End PBXFileReference section */

/* Begin PBXFrameworksBuildPhase section */
		3C72EDBC25A841380011AC51 /* Frameworks */ = {
			isa = PBXFrameworksBuildPhase;
			buildActionMask = 2147483647;
			files = (
			);
			runOnlyForDeploymentPostprocessing = 0;
		};
/* End PBXFrameworksBuildPhase section */

/* Begin PBXGroup section */
		3C72EDB625A841380011AC51 = {
			isa = PBXGroup;
			children = (
				3C72EDC125A841380011AC51 /* MyMemo */,
				3C72EDC025A841380011AC51 /* Products */,
			);
			sourceTree = "<group>";
		};
		3C72EDC025A841380011AC51 /* Products */ = {
			isa = PBXGroup;
			children = (
				3C72EDBF25A841380011AC51 /* MyMemo.app */,
			);
			name = Products;
			sourceTree = "<group>";
		};
		3C72EDC125A841380011AC51 /* MyMemo */ = {
			isa = PBXGroup;
			children = (
				3C823C1125D10FE4008502C6 /* Resources */,
				3C72EDC225A841380011AC51 /* AppDelegate.swift */,
				3C72EDC425A841380011AC51 /* SceneDelegate.swift */,
				3C72EDC825A841380011AC51 /* Main.storyboard */,
				3C4F333725A95ED600CA7C58 /* MemoData.swift */,
				3C4F333525A95E9F00CA7C58 /* MemoCell.swift */,
				3C4F332F25A95E3500CA7C58 /* MemoListVC.swift */,
				3C4F333125A95E4B00CA7C58 /* MemoFormVC.swift */,
				3C4F333325A95E5A00CA7C58 /* MemoReadVC.swift */,
				3C823C0F25D10EAC008502C6 /* CSLogButton.swift */,
				3C682F7A2664A63100178548 /* SideBarVC.swift */,
				3C72EDCE25A841390011AC51 /* Assets.xcassets */,
				3C72EDD025A841390011AC51 /* LaunchScreen.storyboard */,
				3C72EDD325A841390011AC51 /* Info.plist */,
				3C72EDCB25A841380011AC51 /* MyMemo.xcdatamodeld */,
				3C682F772664A26F00178548 /* SWRevealViewController.h */,
				3C682F762664A26F00178548 /* SWRevealViewController.m */,
			);
			path = MyMemo;
			sourceTree = "<group>";
		};
		3C823C1125D10FE4008502C6 /* Resources */ = {
			isa = PBXGroup;
			children = (
				3C682F6826649F9000178548 /* account@2x.jpg */,
				3C682F6226649F9000178548 /* button-bg.png */,
				3C682F6626649F9000178548 /* icon01.png */,
				3C682F6926649F9100178548 /* icon02.png */,
				3C682F5E26649F9000178548 /* icon03.png */,
				3C682F6526649F9000178548 /* icon04.png */,
				3C682F6126649F9000178548 /* icon05.png */,
				3C682F6426649F9000178548 /* icon06.png */,
				3C682F6026649F9000178548 /* memo-background@2x.png */,
				3C682F6726649F9000178548 /* profile-bg.png */,
				3C682F5F26649F9000178548 /* sidemenu.png */,
				3C682F6326649F9000178548 /* warning-icon-60@2x.png */,
				3C682F792664A2A300178548 /* MyMemo-Bridging-Header.h */,
			);
			path = Resources;
			sourceTree = "<group>";
		};
/* End PBXGroup section */

/* Begin PBXNativeTarget section */
		3C72EDBE25A841380011AC51 /* MyMemo */ = {
			isa = PBXNativeTarget;
			buildConfigurationList = 3C72EDD625A841390011AC51 /* Build configuration list for PBXNativeTarget "MyMemo" */;
			buildPhases = (
				3C72EDBB25A841380011AC51 /* Sources */,
				3C72EDBC25A841380011AC51 /* Frameworks */,
				3C72EDBD25A841380011AC51 /* Resources */,
			);
			buildRules = (
			);
			dependencies = (
			);
			name = MyMemo;
			productName = MyMemo;
			productReference = 3C72EDBF25A841380011AC51 /* MyMemo.app */;
			productType = "com.apple.product-type.application";
		};
/* End PBXNativeTarget section */

/* Begin PBXProject section */
		3C72EDB725A841380011AC51 /* Project object */ = {
			isa = PBXProject;
			attributes = {
				LastSwiftUpdateCheck = 1150;
				LastUpgradeCheck = 1150;
				ORGANIZATIONNAME = "Jin-Hyuck";
				TargetAttributes = {
					3C72EDBE25A841380011AC51 = {
						CreatedOnToolsVersion = 11.5;
						LastSwiftMigration = 1250;
					};
				};
			};
			buildConfigurationList = 3C72EDBA25A841380011AC51 /* Build configuration list for PBXProject "MyMemo" */;
			compatibilityVersion = "Xcode 9.3";
			developmentRegion = en;
			hasScannedForEncodings = 0;
			knownRegions = (
				en,
				Base,
			);
			mainGroup = 3C72EDB625A841380011AC51;
			productRefGroup = 3C72EDC025A841380011AC51 /* Products */;
			projectDirPath = "";
			projectRoot = "";
			targets = (
				3C72EDBE25A841380011AC51 /* MyMemo */,
			);
		};
/* End PBXProject section */

/* Begin PBXResourcesBuildPhase section */
		3C72EDBD25A841380011AC51 /* Resources */ = {
			isa = PBXResourcesBuildPhase;
			buildActionMask = 2147483647;
			files = (
				3C682F6B26649F9100178548 /* sidemenu.png in Resources */,
				3C682F7026649F9100178548 /* icon06.png in Resources */,
				3C72EDD225A841390011AC51 /* LaunchScreen.storyboard in Resources */,
				3C682F7526649F9100178548 /* icon02.png in Resources */,
				3C682F7426649F9100178548 /* account@2x.jpg in Resources */,
				3C682F6A26649F9100178548 /* icon03.png in Resources */,
				3C682F6E26649F9100178548 /* button-bg.png in Resources */,
				3C682F6C26649F9100178548 /* memo-background@2x.png in Resources */,
				3C72EDCF25A841390011AC51 /* Assets.xcassets in Resources */,
				3C682F7326649F9100178548 /* profile-bg.png in Resources */,
				3C682F7126649F9100178548 /* icon04.png in Resources */,
				3C72EDCA25A841380011AC51 /* Main.storyboard in Resources */,
				3C682F6F26649F9100178548 /* warning-icon-60@2x.png in Resources */,
				3C682F6D26649F9100178548 /* icon05.png in Resources */,
				3C682F7226649F9100178548 /* icon01.png in Resources */,
			);
			runOnlyForDeploymentPostprocessing = 0;
		};
/* End PBXResourcesBuildPhase section */

/* Begin PBXSourcesBuildPhase section */
		3C72EDBB25A841380011AC51 /* Sources */ = {
			isa = PBXSourcesBuildPhase;
			buildActionMask = 2147483647;
			files = (
				3C823C1025D10EAC008502C6 /* CSLogButton.swift in Sources */,
				3C682F7B2664A63100178548 /* SideBarVC.swift in Sources */,
				3C4F333625A95E9F00CA7C58 /* MemoCell.swift in Sources */,
				3C4F333825A95ED600CA7C58 /* MemoData.swift in Sources */,
				3C72EDC325A841380011AC51 /* AppDelegate.swift in Sources */,
				3C4F333225A95E4B00CA7C58 /* MemoFormVC.swift in Sources */,
				3C4F333425A95E5A00CA7C58 /* MemoReadVC.swift in Sources */,
				3C72EDC525A841380011AC51 /* SceneDelegate.swift in Sources */,
				3C682F782664A26F00178548 /* SWRevealViewController.m in Sources */,
				3C4F333025A95E3500CA7C58 /* MemoListVC.swift in Sources */,
				3C72EDCD25A841380011AC51 /* MyMemo.xcdatamodeld in Sources */,
			);
			runOnlyForDeploymentPostprocessing = 0;
		};
/* End PBXSourcesBuildPhase section */

/* Begin PBXVariantGroup section */
		3C72EDC825A841380011AC51 /* Main.storyboard */ = {
			isa = PBXVariantGroup;
			children = (
				3C72EDC925A841380011AC51 /* Base */,
			);
			name = Main.storyboard;
			sourceTree = "<group>";
		};
		3C72EDD025A841390011AC51 /* LaunchScreen.storyboard */ = {
			isa = PBXVariantGroup;
			children = (
				3C72EDD125A841390011AC51 /* Base */,
			);
			name = LaunchScreen.storyboard;
			sourceTree = "<group>";
		};
/* End PBXVariantGroup section */

/* Begin XCBuildConfiguration section */
		3C72EDD425A841390011AC51 /* Debug */ = {
			isa = XCBuildConfiguration;
			buildSettings = {
				ALWAYS_SEARCH_USER_PATHS = NO;
				CLANG_ANALYZER_NONNULL = YES;
				CLANG_ANALYZER_NUMBER_OBJECT_CONVERSION = YES_AGGRESSIVE;
				CLANG_CXX_LANGUAGE_STANDARD = "gnu++14";
				CLANG_CXX_LIBRARY = "libc++";
				CLANG_ENABLE_MODULES = YES;
				CLANG_ENABLE_OBJC_ARC = YES;
				CLANG_ENABLE_OBJC_WEAK = YES;
				CLANG_WARN_BLOCK_CAPTURE_AUTORELEASING = YES;
				CLANG_WARN_BOOL_CONVERSION = YES;
				CLANG_WARN_COMMA = YES;
				CLANG_WARN_CONSTANT_CONVERSION = YES;
				CLANG_WARN_DEPRECATED_OBJC_IMPLEMENTATIONS = YES;
				CLANG_WARN_DIRECT_OBJC_ISA_USAGE = YES_ERROR;
				CLANG_WARN_DOCUMENTATION_COMMENTS = YES;
				CLANG_WARN_EMPTY_BODY = YES;
				CLANG_WARN_ENUM_CONVERSION = YES;
				CLANG_WARN_INFINITE_RECURSION = YES;
				CLANG_WARN_INT_CONVERSION = YES;
				CLANG_WARN_NON_LITERAL_NULL_CONVERSION = YES;
				CLANG_WARN_OBJC_IMPLICIT_RETAIN_SELF = YES;
				CLANG_WARN_OBJC_LITERAL_CONVERSION = YES;
				CLANG_WARN_OBJC_ROOT_CLASS = YES_ERROR;
				CLANG_WARN_RANGE_LOOP_ANALYSIS = YES;
				CLANG_WARN_STRICT_PROTOTYPES = YES;
				CLANG_WARN_SUSPICIOUS_MOVE = YES;
				CLANG_WARN_UNGUARDED_AVAILABILITY = YES_AGGRESSIVE;
				CLANG_WARN_UNREACHABLE_CODE = YES;
				CLANG_WARN__DUPLICATE_METHOD_MATCH = YES;
				COPY_PHASE_STRIP = NO;
				DEBUG_INFORMATION_FORMAT = dwarf;
				ENABLE_STRICT_OBJC_MSGSEND = YES;
				ENABLE_TESTABILITY = YES;
				GCC_C_LANGUAGE_STANDARD = gnu11;
				GCC_DYNAMIC_NO_PIC = NO;
				GCC_NO_COMMON_BLOCKS = YES;
				GCC_OPTIMIZATION_LEVEL = 0;
				GCC_PREPROCESSOR_DEFINITIONS = (
					"DEBUG=1",
					"$(inherited)",
				);
				GCC_WARN_64_TO_32_BIT_CONVERSION = YES;
				GCC_WARN_ABOUT_RETURN_TYPE = YES_ERROR;
				GCC_WARN_UNDECLARED_SELECTOR = YES;
				GCC_WARN_UNINITIALIZED_AUTOS = YES_AGGRESSIVE;
				GCC_WARN_UNUSED_FUNCTION = YES;
				GCC_WARN_UNUSED_VARIABLE = YES;
				IPHONEOS_DEPLOYMENT_TARGET = 13.5;
				MTL_ENABLE_DEBUG_INFO = INCLUDE_SOURCE;
				MTL_FAST_MATH = YES;
				ONLY_ACTIVE_ARCH = YES;
				SDKROOT = iphoneos;
				SWIFT_ACTIVE_COMPILATION_CONDITIONS = DEBUG;
				SWIFT_OPTIMIZATION_LEVEL = "-Onone";
			};
			name = Debug;
		};
		3C72EDD525A841390011AC51 /* Release */ = {
			isa = XCBuildConfiguration;
			buildSettings = {
				ALWAYS_SEARCH_USER_PATHS = NO;
				CLANG_ANALYZER_NONNULL = YES;
				CLANG_ANALYZER_NUMBER_OBJECT_CONVERSION = YES_AGGRESSIVE;
				CLANG_CXX_LANGUAGE_STANDARD = "gnu++14";
				CLANG_CXX_LIBRARY = "libc++";
				CLANG_ENABLE_MODULES = YES;
				CLANG_ENABLE_OBJC_ARC = YES;
				CLANG_ENABLE_OBJC_WEAK = YES;
				CLANG_WARN_BLOCK_CAPTURE_AUTORELEASING = YES;
				CLANG_WARN_BOOL_CONVERSION = YES;
				CLANG_WARN_COMMA = YES;
				CLANG_WARN_CONSTANT_CONVERSION = YES;
				CLANG_WARN_DEPRECATED_OBJC_IMPLEMENTATIONS = YES;
				CLANG_WARN_DIRECT_OBJC_ISA_USAGE = YES_ERROR;
				CLANG_WARN_DOCUMENTATION_COMMENTS = YES;
				CLANG_WARN_EMPTY_BODY = YES;
				CLANG_WARN_ENUM_CONVERSION = YES;
				CLANG_WARN_INFINITE_RECURSION = YES;
				CLANG_WARN_INT_CONVERSION = YES;
				CLANG_WARN_NON_LITERAL_NULL_CONVERSION = YES;
				CLANG_WARN_OBJC_IMPLICIT_RETAIN_SELF = YES;
				CLANG_WARN_OBJC_LITERAL_CONVERSION = YES;
				CLANG_WARN_OBJC_ROOT_CLASS = YES_ERROR;
				CLANG_WARN_RANGE_LOOP_ANALYSIS = YES;
				CLANG_WARN_STRICT_PROTOTYPES = YES;
				CLANG_WARN_SUSPICIOUS_MOVE = YES;
				CLANG_WARN_UNGUARDED_AVAILABILITY = YES_AGGRESSIVE;
				CLANG_WARN_UNREACHABLE_CODE = YES;
				CLANG_WARN__DUPLICATE_METHOD_MATCH = YES;
				COPY_PHASE_STRIP = NO;
				DEBUG_INFORMATION_FORMAT = "dwarf-with-dsym";
				ENABLE_NS_ASSERTIONS = NO;
				ENABLE_STRICT_OBJC_MSGSEND = YES;
				GCC_C_LANGUAGE_STANDARD = gnu11;
				GCC_NO_COMMON_BLOCKS = YES;
				GCC_WARN_64_TO_32_BIT_CONVERSION = YES;
				GCC_WARN_ABOUT_RETURN_TYPE = YES_ERROR;
				GCC_WARN_UNDECLARED_SELECTOR = YES;
				GCC_WARN_UNINITIALIZED_AUTOS = YES_AGGRESSIVE;
				GCC_WARN_UNUSED_FUNCTION = YES;
				GCC_WARN_UNUSED_VARIABLE = YES;
				IPHONEOS_DEPLOYMENT_TARGET = 13.5;
				MTL_ENABLE_DEBUG_INFO = NO;
				MTL_FAST_MATH = YES;
				SDKROOT = iphoneos;
				SWIFT_COMPILATION_MODE = wholemodule;
				SWIFT_OPTIMIZATION_LEVEL = "-O";
				VALIDATE_PRODUCT = YES;
			};
			name = Release;
		};
		3C72EDD725A841390011AC51 /* Debug */ = {
			isa = XCBuildConfiguration;
			buildSettings = {
				ASSETCATALOG_COMPILER_APPICON_NAME = AppIcon;
				CLANG_ENABLE_MODULES = YES;
				CODE_SIGN_STYLE = Automatic;
				INFOPLIST_FILE = MyMemo/Info.plist;
				LD_RUNPATH_SEARCH_PATHS = (
					"$(inherited)",
					"@executable_path/Frameworks",
				);
				PRODUCT_BUNDLE_IDENTIFIER = com.jhstudio.MyMemo;
				PRODUCT_NAME = "$(TARGET_NAME)";
				SWIFT_OBJC_BRIDGING_HEADER = "MyMemo/Resources/MyMemo-Bridging-Header.h";
				SWIFT_OPTIMIZATION_LEVEL = "-Onone";
				SWIFT_VERSION = 5.0;
				TARGETED_DEVICE_FAMILY = 1;
			};
			name = Debug;
		};
		3C72EDD825A841390011AC51 /* Release */ = {
			isa = XCBuildConfiguration;
			buildSettings = {
				ASSETCATALOG_COMPILER_APPICON_NAME = AppIcon;
				CLANG_ENABLE_MODULES = YES;
				CODE_SIGN_STYLE = Automatic;
				INFOPLIST_FILE = MyMemo/Info.plist;
				LD_RUNPATH_SEARCH_PATHS = (
					"$(inherited)",
					"@executable_path/Frameworks",
				);
				PRODUCT_BUNDLE_IDENTIFIER = com.jhstudio.MyMemo;
				PRODUCT_NAME = "$(TARGET_NAME)";
				SWIFT_OBJC_BRIDGING_HEADER = "MyMemo/Resources/MyMemo-Bridging-Header.h";
				SWIFT_VERSION = 5.0;
				TARGETED_DEVICE_FAMILY = 1;
			};
			name = Release;
		};
/* End XCBuildConfiguration section */

/* Begin XCConfigurationList section */
		3C72EDBA25A841380011AC51 /* Build configuration list for PBXProject "MyMemo" */ = {
			isa = XCConfigurationList;
			buildConfigurations = (
				3C72EDD425A841390011AC51 /* Debug */,
				3C72EDD525A841390011AC51 /* Release */,
			);
			defaultConfigurationIsVisible = 0;
			defaultConfigurationName = Release;
		};
		3C72EDD625A841390011AC51 /* Build configuration list for PBXNativeTarget "MyMemo" */ = {
			isa = XCConfigurationList;
			buildConfigurations = (
				3C72EDD725A841390011AC51 /* Debug */,
				3C72EDD825A841390011AC51 /* Release */,
			);
			defaultConfigurationIsVisible = 0;
			defaultConfigurationName = Release;
		};
/* End XCConfigurationList section */

/* Begin XCVersionGroup section */
		3C72EDCB25A841380011AC51 /* MyMemo.xcdatamodeld */ = {
			isa = XCVersionGroup;
			children = (
				3C72EDCC25A841380011AC51 /* MyMemo.xcdatamodel */,
			);
			currentVersion = 3C72EDCC25A841380011AC51 /* MyMemo.xcdatamodel */;
			path = MyMemo.xcdatamodeld;
			sourceTree = "<group>";
			versionGroupType = wrapper.xcdatamodel;
		};
/* End XCVersionGroup section */
	};
	rootObject = 3C72EDB725A841380011AC51 /* Project object */;
}
